
Microsoft Visual Studio Solution File, Format Version 12.00
# Visual Studio Version 17
VisualStudioVersion = 17.6.33815.320
MinimumVisualStudioVersion = 10.0.40219.1
Project("{9A19103F-16F7-4668-BE54-9A1E7A4F7556}") = "InteractiveGallery.Core", "src\InteractiveGallery.Core\InteractiveGallery.Core.csproj", "{EDDBCB5B-954C-4728-AE0A-63EDFE69DC82}"
EndProject
Project("{9A19103F-16F7-4668-BE54-9A1E7A4F7556}") = "InteractiveGallery.Infrastructure", "src\InteractiveGallery.Infrastructure\InteractiveGallery.Infrastructure.csproj", "{BECB2144-C852-40F6-BA79-463E500116F7}"
EndProject
Project("{9A19103F-16F7-4668-BE54-9A1E7A4F7556}") = "InteractiveGallery.SharedKernel", "src\InteractiveGallery.SharedKernel\InteractiveGallery.SharedKernel.csproj", "{5A9B80E9-6599-49ED-85FA-6218CB4DA96D}"
EndProject
Project("{9A19103F-16F7-4668-BE54-9A1E7A4F7556}") = "InteractiveGallery.Web", "src\InteractiveGallery.Web\InteractiveGallery.Web.csproj", "{AEC62393-5A35-415B-AF6D-2EDD0BDBD9D3}"
EndProject
Global
	GlobalSection(SolutionConfigurationPlatforms) = preSolution
		Debug|Any CPU = Debug|Any CPU
		Release|Any CPU = Release|Any CPU
	EndGlobalSection
	GlobalSection(ProjectConfigurationPlatforms) = postSolution
		{EDDBCB5B-954C-4728-AE0A-63EDFE69DC82}.Debug|Any CPU.ActiveCfg = Debug|Any CPU
		{EDDBCB5B-954C-4728-AE0A-63EDFE69DC82}.Debug|Any CPU.Build.0 = Debug|Any CPU
		{EDDBCB5B-954C-4728-AE0A-63EDFE69DC82}.Release|Any CPU.ActiveCfg = Release|Any CPU
		{EDDBCB5B-954C-4728-AE0A-63EDFE69DC82}.Release|Any CPU.Build.0 = Release|Any CPU
		{BECB2144-C852-40F6-BA79-463E500116F7}.Debug|Any CPU.ActiveCfg = Debug|Any CPU
		{BECB2144-C852-40F6-BA79-463E500116F7}.Debug|Any CPU.Build.0 = Debug|Any CPU
		{BECB2144-C852-40F6-BA79-463E500116F7}.Release|Any CPU.ActiveCfg = Release|Any CPU
		{BECB2144-C852-40F6-BA79-463E500116F7}.Release|Any CPU.Build.0 = Release|Any CPU
		{5A9B80E9-6599-49ED-85FA-6218CB4DA96D}.Debug|Any CPU.ActiveCfg = Debug|Any CPU
		{5A9B80E9-6599-49ED-85FA-6218CB4DA96D}.Debug|Any CPU.Build.0 = Debug|Any CPU
		{5A9B80E9-6599-49ED-85FA-6218CB4DA96D}.Release|Any CPU.ActiveCfg = Release|Any CPU
		{5A9B80E9-6599-49ED-85FA-6218CB4DA96D}.Release|Any CPU.Build.0 = Release|Any CPU
		{AEC62393-5A35-415B-AF6D-2EDD0BDBD9D3}.Debug|Any CPU.ActiveCfg = Debug|Any CPU
		{AEC62393-5A35-415B-AF6D-2EDD0BDBD9D3}.Debug|Any CPU.Build.0 = Debug|Any CPU
		{AEC62393-5A35-415B-AF6D-2EDD0BDBD9D3}.Release|Any CPU.ActiveCfg = Release|Any CPU
		{AEC62393-5A35-415B-AF6D-2EDD0BDBD9D3}.Release|Any CPU.Build.0 = Release|Any CPU
	EndGlobalSection
	GlobalSection(SolutionProperties) = preSolution
		HideSolutionNode = FALSE
	EndGlobalSection
	GlobalSection(ExtensibilityGlobals) = postSolution
		SolutionGuid = {7C988C63-468E-4394-945C-605BC07FF747}
	EndGlobalSection
EndGlobal
